{
  "name": "@rbxts/repr",
  "version": "1.0.0",
  "lockfileVersion": 3,
  "requires": true,
  "packages": {
    "": {
      "name": "@rbxts/repr",
      "version": "1.0.0",
      "license": "ISC",
      "devDependencies": {
        "@rbxts/compiler-types": "^2.1.0-types.1",
        "@rbxts/types": "^1.0.769",
        "typescript": "^5.4.5"
      }
    },
    "node_modules/@rbxts/compiler-types": {
      "version": "2.1.0-types.1",
      "resolved": "https://registry.npmjs.org/@rbxts/compiler-types/-/compiler-types-2.1.0-types.1.tgz",
      "integrity": "sha512-+ztwutzuNivWsgsERiC7n5il4C5gfJUuGJUmXYRq8FwY4ye3aupRi9RocmyAHq6255sO7z+RM61AVbqx3llsLQ==",
      "dev": true
    },
    "node_modules/@rbxts/types": {
      "version": "1.0.769",
      "resolved": "https://registry.npmjs.org/@rbxts/types/-/types-1.0.769.tgz",
      "integrity": "sha512-DELWYxRc2otZyeE14Kyj1/LkvVksKE3kJmXXisrvsbYd3GkK6dB1FNEuC0sKUZynB9s9veU82dNuN4UC0wh7YQ==",
      "dev": true
    },
    "node_modules/typescript": {
      "version": "5.4.5",
      "resolved": "https://registry.npmjs.org/typescript/-/typescript-5.4.5.tgz",
      "integrity": "sha512-vcI4UpRgg81oIRUFwR0WSIHKt11nJ7SAVlYNIu+QpqeyXP+gpQJy/Z4+F0aGxSE4MqwjyXvW/TzgkLAx2AGHwQ==",
      "dev": true,
      "bin": {
        "tsc": "bin/tsc",
        "tsserver": "bin/tsserver"
      },
      "engines": {
        "node": ">=14.17"
      }
    }
  }
}
